
Microsoft Visual Studio Solution File, Format Version 12.00
# Visual Studio Version 17
VisualStudioVersion = 17.3.32901.215
MinimumVisualStudioVersion = 10.0.40219.1
Project("{9A19103F-16F7-4668-BE54-9A1E7A4F7556}") = "SendGrid.Webhooks", "Sendgrid.Webhooks\SendGrid.Webhooks.csproj", "{A01761F3-3B82-4097-B32A-AC3F79B739B1}"
EndProject
Project("{9A19103F-16F7-4668-BE54-9A1E7A4F7556}") = "Sendgrid.Webhooks.Tests", "Sendgrid.Webhooks.Tests\Sendgrid.Webhooks.Tests.csproj", "{D8F3B538-B707-4CF9-A78D-FF7D7E5F1C70}"
EndProject
Global
	GlobalSection(SolutionConfigurationPlatforms) = preSolution
		Debug|Any CPU = Debug|Any CPU
		Release|Any CPU = Release|Any CPU
	EndGlobalSection
	GlobalSection(ProjectConfigurationPlatforms) = postSolution
		{A01761F3-3B82-4097-B32A-AC3F79B739B1}.Debug|Any CPU.ActiveCfg = Debug|Any CPU
		{A01761F3-3B82-4097-B32A-AC3F79B739B1}.Debug|Any CPU.Build.0 = Debug|Any CPU
		{A01761F3-3B82-4097-B32A-AC3F79B739B1}.Release|Any CPU.ActiveCfg = Release|Any CPU
		{A01761F3-3B82-4097-B32A-AC3F79B739B1}.Release|Any CPU.Build.0 = Release|Any CPU
		{D8F3B538-B707-4CF9-A78D-FF7D7E5F1C70}.Debug|Any CPU.ActiveCfg = Debug|Any CPU
		{D8F3B538-B707-4CF9-A78D-FF7D7E5F1C70}.Debug|Any CPU.Build.0 = Debug|Any CPU
		{D8F3B538-B707-4CF9-A78D-FF7D7E5F1C70}.Release|Any CPU.ActiveCfg = Release|Any CPU
		{D8F3B538-B707-4CF9-A78D-FF7D7E5F1C70}.Release|Any CPU.Build.0 = Release|Any CPU
	EndGlobalSection
	GlobalSection(SolutionProperties) = preSolution
		HideSolutionNode = FALSE
	EndGlobalSection
	GlobalSection(ExtensibilityGlobals) = postSolution
		SolutionGuid = {4969709E-477B-49CC-A5F1-B3E39E93156E}
	EndGlobalSection
EndGlobal
